
Microsoft Visual Studio Solution File, Format Version 12.00
# Visual Studio 2013
VisualStudioVersion = 12.0.31101.0
MinimumVisualStudioVersion = 10.0.40219.1
Project("{FAE04EC0-301F-11D3-BF4B-00C04F79EFBC}") = "GenericServices", "GenericServices\GenericServices.csproj", "{92F121B3-2F0D-48C3-B150-7DCA84B7F8E1}"
EndProject
Project("{FAE04EC0-301F-11D3-BF4B-00C04F79EFBC}") = "Tests", "Tests\Tests.csproj", "{EDCF4F2B-3C6F-4A5A-9D46-BAD85C85254B}"
EndProject
Project("{2150E333-8FDC-42A3-9474-1A3956D46DE8}") = "Solution Items", "Solution Items", "{340C8783-D265-43DB-9396-A901648843B2}"
	ProjectSection(SolutionItems) = preProject
		licence.txt = licence.txt
		README.md = README.md
	EndProjectSection
EndProject
Project("{FAE04EC0-301F-11D3-BF4B-00C04F79EFBC}") = "GenericLibsBase", "GenericLibsBase\GenericLibsBase.csproj", "{40D13D8E-7FF8-4097-A46B-B32DC997F1EE}"
EndProject
Project("{FAE04EC0-301F-11D3-BF4B-00C04F79EFBC}") = "ProfileApp", "ProfileApp\ProfileApp.csproj", "{C4E55EB2-6175-49EE-82EB-F9812255F63F}"
EndProject
Global
	GlobalSection(SolutionConfigurationPlatforms) = preSolution
		Debug|Any CPU = Debug|Any CPU
		Release|Any CPU = Release|Any CPU
	EndGlobalSection
	GlobalSection(ProjectConfigurationPlatforms) = postSolution
		{92F121B3-2F0D-48C3-B150-7DCA84B7F8E1}.Debug|Any CPU.ActiveCfg = Debug|Any CPU
		{92F121B3-2F0D-48C3-B150-7DCA84B7F8E1}.Debug|Any CPU.Build.0 = Debug|Any CPU
		{92F121B3-2F0D-48C3-B150-7DCA84B7F8E1}.Release|Any CPU.ActiveCfg = Release|Any CPU
		{92F121B3-2F0D-48C3-B150-7DCA84B7F8E1}.Release|Any CPU.Build.0 = Release|Any CPU
		{EDCF4F2B-3C6F-4A5A-9D46-BAD85C85254B}.Debug|Any CPU.ActiveCfg = Debug|Any CPU
		{EDCF4F2B-3C6F-4A5A-9D46-BAD85C85254B}.Debug|Any CPU.Build.0 = Debug|Any CPU
		{EDCF4F2B-3C6F-4A5A-9D46-BAD85C85254B}.Release|Any CPU.ActiveCfg = Release|Any CPU
		{EDCF4F2B-3C6F-4A5A-9D46-BAD85C85254B}.Release|Any CPU.Build.0 = Release|Any CPU
		{40D13D8E-7FF8-4097-A46B-B32DC997F1EE}.Debug|Any CPU.ActiveCfg = Debug|Any CPU
		{40D13D8E-7FF8-4097-A46B-B32DC997F1EE}.Debug|Any CPU.Build.0 = Debug|Any CPU
		{40D13D8E-7FF8-4097-A46B-B32DC997F1EE}.Release|Any CPU.ActiveCfg = Release|Any CPU
		{40D13D8E-7FF8-4097-A46B-B32DC997F1EE}.Release|Any CPU.Build.0 = Release|Any CPU
		{C4E55EB2-6175-49EE-82EB-F9812255F63F}.Debug|Any CPU.ActiveCfg = Debug|Any CPU
		{C4E55EB2-6175-49EE-82EB-F9812255F63F}.Debug|Any CPU.Build.0 = Debug|Any CPU
		{C4E55EB2-6175-49EE-82EB-F9812255F63F}.Release|Any CPU.ActiveCfg = Release|Any CPU
		{C4E55EB2-6175-49EE-82EB-F9812255F63F}.Release|Any CPU.Build.0 = Release|Any CPU
	EndGlobalSection
	GlobalSection(SolutionProperties) = preSolution
		HideSolutionNode = FALSE
	EndGlobalSection
EndGlobal
